
Microsoft Visual Studio Solution File, Format Version 12.00
# Visual Studio Version 16
VisualStudioVersion = 16.0.30114.105
MinimumVisualStudioVersion = 10.0.40219.1
Project("{FAE04EC0-301F-11D3-BF4B-00C04F79EFBC}") = "PacktLibrary", "PacktLibrary\PacktLibrary.csproj", "{6D5D9B1C-C53C-4E25-B17B-7EC4C4154466}"
EndProject
Project("{FAE04EC0-301F-11D3-BF4B-00C04F79EFBC}") = "PeopleApp", "PeopleApp\PeopleApp.csproj", "{10093578-DF6E-4BB4-990C-A13D5BB69A9B}"
EndProject
Global
	GlobalSection(SolutionConfigurationPlatforms) = preSolution
		Debug|Any CPU = Debug|Any CPU
		Release|Any CPU = Release|Any CPU
	EndGlobalSection
	GlobalSection(SolutionProperties) = preSolution
		HideSolutionNode = FALSE
	EndGlobalSection
	GlobalSection(ProjectConfigurationPlatforms) = postSolution
		{6D5D9B1C-C53C-4E25-B17B-7EC4C4154466}.Debug|Any CPU.ActiveCfg = Debug|Any CPU
		{6D5D9B1C-C53C-4E25-B17B-7EC4C4154466}.Debug|Any CPU.Build.0 = Debug|Any CPU
		{6D5D9B1C-C53C-4E25-B17B-7EC4C4154466}.Release|Any CPU.ActiveCfg = Release|Any CPU
		{6D5D9B1C-C53C-4E25-B17B-7EC4C4154466}.Release|Any CPU.Build.0 = Release|Any CPU
		{10093578-DF6E-4BB4-990C-A13D5BB69A9B}.Debug|Any CPU.ActiveCfg = Debug|Any CPU
		{10093578-DF6E-4BB4-990C-A13D5BB69A9B}.Debug|Any CPU.Build.0 = Debug|Any CPU
		{10093578-DF6E-4BB4-990C-A13D5BB69A9B}.Release|Any CPU.ActiveCfg = Release|Any CPU
		{10093578-DF6E-4BB4-990C-A13D5BB69A9B}.Release|Any CPU.Build.0 = Release|Any CPU
	EndGlobalSection
EndGlobal
